
Microsoft Visual Studio Solution File, Format Version 12.00
# Visual Studio Version 16
VisualStudioVersion = 16.0.29806.167
MinimumVisualStudioVersion = 10.0.40219.1
Project("{9A19103F-16F7-4668-BE54-9A1E7A4F7556}") = "RealCalculator", "iskoVezbaCSharp\RealCalculator.csproj", "{AD4F7238-D6D9-4FA8-B449-190DD5CC051A}"
EndProject
Project("{FAE04EC0-301F-11D3-BF4B-00C04F79EFBC}") = "averageNumber", "vezba2\averageNumber.csproj", "{E7626DBB-67FF-4A17-8544-407785AA8044}"
EndProject
Global
	GlobalSection(SolutionConfigurationPlatforms) = preSolution
		Debug|Any CPU = Debug|Any CPU
		Release|Any CPU = Release|Any CPU
	EndGlobalSection
	GlobalSection(ProjectConfigurationPlatforms) = postSolution
		{AD4F7238-D6D9-4FA8-B449-190DD5CC051A}.Debug|Any CPU.ActiveCfg = Debug|Any CPU
		{AD4F7238-D6D9-4FA8-B449-190DD5CC051A}.Debug|Any CPU.Build.0 = Debug|Any CPU
		{AD4F7238-D6D9-4FA8-B449-190DD5CC051A}.Release|Any CPU.ActiveCfg = Release|Any CPU
		{AD4F7238-D6D9-4FA8-B449-190DD5CC051A}.Release|Any CPU.Build.0 = Release|Any CPU
		{E7626DBB-67FF-4A17-8544-407785AA8044}.Debug|Any CPU.ActiveCfg = Debug|Any CPU
		{E7626DBB-67FF-4A17-8544-407785AA8044}.Debug|Any CPU.Build.0 = Debug|Any CPU
		{E7626DBB-67FF-4A17-8544-407785AA8044}.Release|Any CPU.ActiveCfg = Release|Any CPU
		{E7626DBB-67FF-4A17-8544-407785AA8044}.Release|Any CPU.Build.0 = Release|Any CPU
	EndGlobalSection
	GlobalSection(SolutionProperties) = preSolution
		HideSolutionNode = FALSE
	EndGlobalSection
	GlobalSection(ExtensibilityGlobals) = postSolution
		SolutionGuid = {4ACB3572-3020-466A-BDBD-6874D24B7F0D}
	EndGlobalSection
EndGlobal
